// !$*UTF8*$!
{
	archiveVersion = 1;
	classes = {
	};
	objectVersion = 46;
	objects = {

/* Begin PBXFileReference section */
		E8A93DC218CF3A3D00D9843B /* mla_compute_cost.m */ = {isa = PBXFileReference; lastKnownFileType = sourcecode.c.objc; path = mla_compute_cost.m; sourceTree = "<group>"; };
		E8A93DC318CF3AC900D9843B /* mla_gradient_descent.m */ = {isa = PBXFileReference; lastKnownFileType = sourcecode.c.objc; path = mla_gradient_descent.m; sourceTree = "<group>"; };
/* End PBXFileReference section */

/* Begin PBXGroup section */
		E8A93DBB18CF3A0C00D9843B = {
			isa = PBXGroup;
			children = (
				E8A93DC218CF3A3D00D9843B /* mla_compute_cost.m */,
				E8A93DC318CF3AC900D9843B /* mla_gradient_descent.m */,
			);
			sourceTree = "<group>";
		};
/* End PBXGroup section */

/* Begin PBXProject section */
		E8A93DBC18CF3A0C00D9843B /* Project object */ = {
			isa = PBXProject;
			attributes = {
				LastUpgradeCheck = 0500;
			};
			buildConfigurationList = E8A93DBF18CF3A0C00D9843B /* Build configuration list for PBXProject "MachineLearningLib" */;
			compatibilityVersion = "Xcode 3.2";
			developmentRegion = English;
			hasScannedForEncodings = 0;
			knownRegions = (
				en,
			);
			mainGroup = E8A93DBB18CF3A0C00D9843B;
			projectDirPath = "";
			projectRoot = "";
			targets = (
			);
		};
/* End PBXProject section */

/* Begin XCBuildConfiguration section */
		E8A93DC018CF3A0C00D9843B /* Debug */ = {
			isa = XCBuildConfiguration;
			buildSettings = {
			};
			name = Debug;
		};
		E8A93DC118CF3A0C00D9843B /* Release */ = {
			isa = XCBuildConfiguration;
			buildSettings = {
			};
			name = Release;
		};
/* End XCBuildConfiguration section */

/* Begin XCConfigurationList section */
		E8A93DBF18CF3A0C00D9843B /* Build configuration list for PBXProject "MachineLearningLib" */ = {
			isa = XCConfigurationList;
			buildConfigurations = (
				E8A93DC018CF3A0C00D9843B /* Debug */,
				E8A93DC118CF3A0C00D9843B /* Release */,
			);
			defaultConfigurationIsVisible = 0;
			defaultConfigurationName = Release;
		};
/* End XCConfigurationList section */
	};
	rootObject = E8A93DBC18CF3A0C00D9843B /* Project object */;
}
